PODS:
  - Flutter (1.0.0)
  - path_provider (0.0.1):
    - Flutter
  - share (0.0.1):
    - Flutter
  - shared_preferences (0.0.1):
    - Flutter

DEPENDENCIES:
  - Flutter (from `/Users/dylan/projects/flutter/bin/cache/artifacts/engine/ios`)
  - path_provider (from `/Users/dylan/.pub-cache/hosted/pub.dartlang.org/path_provider-0.3.1/ios`)
  - share (from `/Users/dylan/.pub-cache/hosted/pub.dartlang.org/share-0.4.0/ios`)
  - shared_preferences (from `/Users/dylan/.pub-cache/hosted/pub.dartlang.org/shared_preferences-0.3.3/ios`)

EXTERNAL SOURCES:
  Flutter:
    :path: /Users/dylan/projects/flutter/bin/cache/artifacts/engine/ios
  path_provider:
    :path: /Users/dylan/.pub-cache/hosted/pub.dartlang.org/path_provider-0.3.1/ios
  share:
    :path: /Users/dylan/.pub-cache/hosted/pub.dartlang.org/share-0.4.0/ios
  shared_preferences:
    :path: /Users/dylan/.pub-cache/hosted/pub.dartlang.org/shared_preferences-0.3.3/ios

SPEC CHECKSUMS:
  Flutter: 9d0fac939486c9aba2809b7982dfdbb47a7b0296
  path_provider: 09407919825bfe3c2deae39453b7a5b44f467873
  share: 8d04605548e55f7ce4ebb7b3e933f3c85028c9cf
  shared_preferences: 5a1d487c427ee18fcd3ea1f2a131569481834b53

PODFILE CHECKSUM: c6c865faff84807a5d35de69eb2cdbdc36b99e15

COCOAPODS: 1.4.0
